// !$*UTF8*$!
{
	archiveVersion = 1;
	classes = {
	};
	objectVersion = 56;
	objects = {

/* Begin PBXBuildFile section */
		B80B28922B6CE0A0007FA710 /* TestTaskFor1221SystemsApp.swift in Sources */ = {isa = PBXBuildFile; fileRef = B80B28912B6CE0A0007FA710 /* TestTaskFor1221SystemsApp.swift */; };
		B80B28942B6CE0A0007FA710 /* ContentView.swift in Sources */ = {isa = PBXBuildFile; fileRef = B80B28932B6CE0A0007FA710 /* ContentView.swift */; };
		B80B28962B6CE0A1007FA710 /* Assets.xcassets in Resources */ = {isa = PBXBuildFile; fileRef = B80B28952B6CE0A1007FA710 /* Assets.xcassets */; };
		B80B28992B6CE0A1007FA710 /* Preview Assets.xcassets in Resources */ = {isa = PBXBuildFile; fileRef = B80B28982B6CE0A1007FA710 /* Preview Assets.xcassets */; };
		B80B28A02B6CE921007FA710 /* ProductNavigationBarView.swift in Sources */ = {isa = PBXBuildFile; fileRef = B80B289F2B6CE921007FA710 /* ProductNavigationBarView.swift */; };
		B80B28A22B6CECD4007FA710 /* ProductReviewCollectionView.swift in Sources */ = {isa = PBXBuildFile; fileRef = B80B28A12B6CECD4007FA710 /* ProductReviewCollectionView.swift */; };
		B82B0FFB2B71BDB500B519AD /* DataFromBackOffice.swift in Sources */ = {isa = PBXBuildFile; fileRef = B82B0FFA2B71BDB500B519AD /* DataFromBackOffice.swift */; };
		B82FFB702BB35FA2000D1298 /* NavigationButton.swift in Sources */ = {isa = PBXBuildFile; fileRef = B82FFB6F2BB35FA2000D1298 /* NavigationButton.swift */; };
		B866B4192B7042EA00961B8E /* ProductDetailCardCharacteristicView.swift in Sources */ = {isa = PBXBuildFile; fileRef = B866B4182B7042EA00961B8E /* ProductDetailCardCharacteristicView.swift */; };
/* End PBXBuildFile section */

/* Begin PBXFileReference section */
		B80B288E2B6CE0A0007FA710 /* TestTaskFor1221Systems.app */ = {isa = PBXFileReference; explicitFileType = wrapper.application; includeInIndex = 0; path = TestTaskFor1221Systems.app; sourceTree = BUILT_PRODUCTS_DIR; };
		B80B28912B6CE0A0007FA710 /* TestTaskFor1221SystemsApp.swift */ = {isa = PBXFileReference; lastKnownFileType = sourcecode.swift; path = TestTaskFor1221SystemsApp.swift; sourceTree = "<group>"; };
		B80B28932B6CE0A0007FA710 /* ContentView.swift */ = {isa = PBXFileReference; lastKnownFileType = sourcecode.swift; path = ContentView.swift; sourceTree = "<group>"; };
		B80B28952B6CE0A1007FA710 /* Assets.xcassets */ = {isa = PBXFileReference; lastKnownFileType = folder.assetcatalog; path = Assets.xcassets; sourceTree = "<group>"; };
		B80B28982B6CE0A1007FA710 /* Preview Assets.xcassets */ = {isa = PBXFileReference; lastKnownFileType = folder.assetcatalog; path = "Preview Assets.xcassets"; sourceTree = "<group>"; };
		B80B289F2B6CE921007FA710 /* ProductNavigationBarView.swift */ = {isa = PBXFileReference; lastKnownFileType = sourcecode.swift; path = ProductNavigationBarView.swift; sourceTree = "<group>"; };
		B80B28A12B6CECD4007FA710 /* ProductReviewCollectionView.swift */ = {isa = PBXFileReference; lastKnownFileType = sourcecode.swift; path = ProductReviewCollectionView.swift; sourceTree = "<group>"; };
		B82B0FFA2B71BDB500B519AD /* DataFromBackOffice.swift */ = {isa = PBXFileReference; lastKnownFileType = sourcecode.swift; path = DataFromBackOffice.swift; sourceTree = "<group>"; };
		B82FFB6F2BB35FA2000D1298 /* NavigationButton.swift */ = {isa = PBXFileReference; lastKnownFileType = sourcecode.swift; path = NavigationButton.swift; sourceTree = "<group>"; };
		B866B4182B7042EA00961B8E /* ProductDetailCardCharacteristicView.swift */ = {isa = PBXFileReference; lastKnownFileType = sourcecode.swift; path = ProductDetailCardCharacteristicView.swift; sourceTree = "<group>"; };
/* End PBXFileReference section */

/* Begin PBXFrameworksBuildPhase section */
		B80B288B2B6CE0A0007FA710 /* Frameworks */ = {
			isa = PBXFrameworksBuildPhase;
			buildActionMask = 2147483647;
			files = (
			);
			runOnlyForDeploymentPostprocessing = 0;
		};
/* End PBXFrameworksBuildPhase section */

/* Begin PBXGroup section */
		B80B28852B6CE0A0007FA710 = {
			isa = PBXGroup;
			children = (
				B80B28902B6CE0A0007FA710 /* TestTaskFor1221Systems */,
				B80B288F2B6CE0A0007FA710 /* Products */,
			);
			sourceTree = "<group>";
		};
		B80B288F2B6CE0A0007FA710 /* Products */ = {
			isa = PBXGroup;
			children = (
				B80B288E2B6CE0A0007FA710 /* TestTaskFor1221Systems.app */,
			);
			name = Products;
			sourceTree = "<group>";
		};
		B80B28902B6CE0A0007FA710 /* TestTaskFor1221Systems */ = {
			isa = PBXGroup;
			children = (
				B82FFB6E2BB35F7B000D1298 /* Components */,
				B80B289F2B6CE921007FA710 /* ProductNavigationBarView.swift */,
				B866B4182B7042EA00961B8E /* ProductDetailCardCharacteristicView.swift */,
				B80B28912B6CE0A0007FA710 /* TestTaskFor1221SystemsApp.swift */,
				B80B28A12B6CECD4007FA710 /* ProductReviewCollectionView.swift */,
				B80B28932B6CE0A0007FA710 /* ContentView.swift */,
				B82B0FFA2B71BDB500B519AD /* DataFromBackOffice.swift */,
				B80B28952B6CE0A1007FA710 /* Assets.xcassets */,
				B80B28972B6CE0A1007FA710 /* Preview Content */,
			);
			path = TestTaskFor1221Systems;
			sourceTree = "<group>";
		};
		B80B28972B6CE0A1007FA710 /* Preview Content */ = {
			isa = PBXGroup;
			children = (
				B80B28982B6CE0A1007FA710 /* Preview Assets.xcassets */,
			);
			path = "Preview Content";
			sourceTree = "<group>";
		};
		B82FFB6E2BB35F7B000D1298 /* Components */ = {
			isa = PBXGroup;
			children = (
				B82FFB6F2BB35FA2000D1298 /* NavigationButton.swift */,
			);
			path = Components;
			sourceTree = "<group>";
		};
/* End PBXGroup section */

/* Begin PBXNativeTarget section */
		B80B288D2B6CE0A0007FA710 /* TestTaskFor1221Systems */ = {
			isa = PBXNativeTarget;
			buildConfigurationList = B80B289C2B6CE0A1007FA710 /* Build configuration list for PBXNativeTarget "TestTaskFor1221Systems" */;
			buildPhases = (
				B80B288A2B6CE0A0007FA710 /* Sources */,
				B80B288B2B6CE0A0007FA710 /* Frameworks */,
				B80B288C2B6CE0A0007FA710 /* Resources */,
			);
			buildRules = (
			);
			dependencies = (
			);
			name = TestTaskFor1221Systems;
			productName = TestTaskFor1221Systems;
			productReference = B80B288E2B6CE0A0007FA710 /* TestTaskFor1221Systems.app */;
			productType = "com.apple.product-type.application";
		};
/* End PBXNativeTarget section */

/* Begin PBXProject section */
		B80B28862B6CE0A0007FA710 /* Project object */ = {
			isa = PBXProject;
			attributes = {
				BuildIndependentTargetsInParallel = 1;
				LastSwiftUpdateCheck = 1520;
				LastUpgradeCheck = 1520;
				TargetAttributes = {
					B80B288D2B6CE0A0007FA710 = {
						CreatedOnToolsVersion = 15.2;
					};
				};
			};
			buildConfigurationList = B80B28892B6CE0A0007FA710 /* Build configuration list for PBXProject "TestTaskFor1221Systems" */;
			compatibilityVersion = "Xcode 14.0";
			developmentRegion = en;
			hasScannedForEncodings = 0;
			knownRegions = (
				en,
				Base,
			);
			mainGroup = B80B28852B6CE0A0007FA710;
			productRefGroup = B80B288F2B6CE0A0007FA710 /* Products */;
			projectDirPath = "";
			projectRoot = "";
			targets = (
				B80B288D2B6CE0A0007FA710 /* TestTaskFor1221Systems */,
			);
		};
/* End PBXProject section */

/* Begin PBXResourcesBuildPhase section */
		B80B288C2B6CE0A0007FA710 /* Resources */ = {
			isa = PBXResourcesBuildPhase;
			buildActionMask = 2147483647;
			files = (
				B80B28992B6CE0A1007FA710 /* Preview Assets.xcassets in Resources */,
				B80B28962B6CE0A1007FA710 /* Assets.xcassets in Resources */,
			);
			runOnlyForDeploymentPostprocessing = 0;
		};
/* End PBXResourcesBuildPhase section */

/* Begin PBXSourcesBuildPhase section */
		B80B288A2B6CE0A0007FA710 /* Sources */ = {
			isa = PBXSourcesBuildPhase;
			buildActionMask = 2147483647;
			files = (
				B82FFB702BB35FA2000D1298 /* NavigationButton.swift in Sources */,
				B80B28942B6CE0A0007FA710 /* ContentView.swift in Sources */,
				B80B28A02B6CE921007FA710 /* ProductNavigationBarView.swift in Sources */,
				B866B4192B7042EA00961B8E /* ProductDetailCardCharacteristicView.swift in Sources */,
				B80B28A22B6CECD4007FA710 /* ProductReviewCollectionView.swift in Sources */,
				B82B0FFB2B71BDB500B519AD /* DataFromBackOffice.swift in Sources */,
				B80B28922B6CE0A0007FA710 /* TestTaskFor1221SystemsApp.swift in Sources */,
			);
			runOnlyForDeploymentPostprocessing = 0;
		};
/* End PBXSourcesBuildPhase section */

/* Begin XCBuildConfiguration section */
		B80B289A2B6CE0A1007FA710 /* Debug */ = {
			isa = XCBuildConfiguration;
			buildSettings = {
				ALWAYS_SEARCH_USER_PATHS = NO;
				ASSETCATALOG_COMPILER_GENERATE_SWIFT_ASSET_SYMBOL_EXTENSIONS = YES;
				CLANG_ANALYZER_NONNULL = YES;
				CLANG_ANALYZER_NUMBER_OBJECT_CONVERSION = YES_AGGRESSIVE;
				CLANG_CXX_LANGUAGE_STANDARD = "gnu++20";
				CLANG_ENABLE_MODULES = YES;
				CLANG_ENABLE_OBJC_ARC = YES;
				CLANG_ENABLE_OBJC_WEAK = YES;
				CLANG_WARN_BLOCK_CAPTURE_AUTORELEASING = YES;
				CLANG_WARN_BOOL_CONVERSION = YES;
				CLANG_WARN_COMMA = YES;
				CLANG_WARN_CONSTANT_CONVERSION = YES;
				CLANG_WARN_DEPRECATED_OBJC_IMPLEMENTATIONS = YES;
				CLANG_WARN_DIRECT_OBJC_ISA_USAGE = YES_ERROR;
				CLANG_WARN_DOCUMENTATION_COMMENTS = YES;
				CLANG_WARN_EMPTY_BODY = YES;
				CLANG_WARN_ENUM_CONVERSION = YES;
				CLANG_WARN_INFINITE_RECURSION = YES;
				CLANG_WARN_INT_CONVERSION = YES;
				CLANG_WARN_NON_LITERAL_NULL_CONVERSION = YES;
				CLANG_WARN_OBJC_IMPLICIT_RETAIN_SELF = YES;
				CLANG_WARN_OBJC_LITERAL_CONVERSION = YES;
				CLANG_WARN_OBJC_ROOT_CLASS = YES_ERROR;
				CLANG_WARN_QUOTED_INCLUDE_IN_FRAMEWORK_HEADER = YES;
				CLANG_WARN_RANGE_LOOP_ANALYSIS = YES;
				CLANG_WARN_STRICT_PROTOTYPES = YES;
				CLANG_WARN_SUSPICIOUS_MOVE = YES;
				CLANG_WARN_UNGUARDED_AVAILABILITY = YES_AGGRESSIVE;
				CLANG_WARN_UNREACHABLE_CODE = YES;
				CLANG_WARN__DUPLICATE_METHOD_MATCH = YES;
				COPY_PHASE_STRIP = NO;
				DEBUG_INFORMATION_FORMAT = dwarf;
				ENABLE_STRICT_OBJC_MSGSEND = YES;
				ENABLE_TESTABILITY = YES;
				ENABLE_USER_SCRIPT_SANDBOXING = YES;
				GCC_C_LANGUAGE_STANDARD = gnu17;
				GCC_DYNAMIC_NO_PIC = NO;
				GCC_NO_COMMON_BLOCKS = YES;
				GCC_OPTIMIZATION_LEVEL = 0;
				GCC_PREPROCESSOR_DEFINITIONS = (
					"DEBUG=1",
					"$(inherited)",
				);
				GCC_WARN_64_TO_32_BIT_CONVERSION = YES;
				GCC_WARN_ABOUT_RETURN_TYPE = YES_ERROR;
				GCC_WARN_UNDECLARED_SELECTOR = YES;
				GCC_WARN_UNINITIALIZED_AUTOS = YES_AGGRESSIVE;
				GCC_WARN_UNUSED_FUNCTION = YES;
				GCC_WARN_UNUSED_VARIABLE = YES;
				IPHONEOS_DEPLOYMENT_TARGET = 17.2;
				LOCALIZATION_PREFERS_STRING_CATALOGS = YES;
				MTL_ENABLE_DEBUG_INFO = INCLUDE_SOURCE;
				MTL_FAST_MATH = YES;
				ONLY_ACTIVE_ARCH = YES;
				SDKROOT = iphoneos;
				SWIFT_ACTIVE_COMPILATION_CONDITIONS = "DEBUG $(inherited)";
				SWIFT_OPTIMIZATION_LEVEL = "-Onone";
			};
			name = Debug;
		};
		B80B289B2B6CE0A1007FA710 /* Release */ = {
			isa = XCBuildConfiguration;
			buildSettings = {
				ALWAYS_SEARCH_USER_PATHS = NO;
				ASSETCATALOG_COMPILER_GENERATE_SWIFT_ASSET_SYMBOL_EXTENSIONS = YES;
				CLANG_ANALYZER_NONNULL = YES;
				CLANG_ANALYZER_NUMBER_OBJECT_CONVERSION = YES_AGGRESSIVE;
				CLANG_CXX_LANGUAGE_STANDARD = "gnu++20";
				CLANG_ENABLE_MODULES = YES;
				CLANG_ENABLE_OBJC_ARC = YES;
				CLANG_ENABLE_OBJC_WEAK = YES;
				CLANG_WARN_BLOCK_CAPTURE_AUTORELEASING = YES;
				CLANG_WARN_BOOL_CONVERSION = YES;
				CLANG_WARN_COMMA = YES;
				CLANG_WARN_CONSTANT_CONVERSION = YES;
				CLANG_WARN_DEPRECATED_OBJC_IMPLEMENTATIONS = YES;
				CLANG_WARN_DIRECT_OBJC_ISA_USAGE = YES_ERROR;
				CLANG_WARN_DOCUMENTATION_COMMENTS = YES;
				CLANG_WARN_EMPTY_BODY = YES;
				CLANG_WARN_ENUM_CONVERSION = YES;
				CLANG_WARN_INFINITE_RECURSION = YES;
				CLANG_WARN_INT_CONVERSION = YES;
				CLANG_WARN_NON_LITERAL_NULL_CONVERSION = YES;
				CLANG_WARN_OBJC_IMPLICIT_RETAIN_SELF = YES;
				CLANG_WARN_OBJC_LITERAL_CONVERSION = YES;
				CLANG_WARN_OBJC_ROOT_CLASS = YES_ERROR;
				CLANG_WARN_QUOTED_INCLUDE_IN_FRAMEWORK_HEADER = YES;
				CLANG_WARN_RANGE_LOOP_ANALYSIS = YES;
				CLANG_WARN_STRICT_PROTOTYPES = YES;
				CLANG_WARN_SUSPICIOUS_MOVE = YES;
				CLANG_WARN_UNGUARDED_AVAILABILITY = YES_AGGRESSIVE;
				CLANG_WARN_UNREACHABLE_CODE = YES;
				CLANG_WARN__DUPLICATE_METHOD_MATCH = YES;
				COPY_PHASE_STRIP = NO;
				DEBUG_INFORMATION_FORMAT = "dwarf-with-dsym";
				ENABLE_NS_ASSERTIONS = NO;
				ENABLE_STRICT_OBJC_MSGSEND = YES;
				ENABLE_USER_SCRIPT_SANDBOXING = YES;
				GCC_C_LANGUAGE_STANDARD = gnu17;
				GCC_NO_COMMON_BLOCKS = YES;
				GCC_WARN_64_TO_32_BIT_CONVERSION = YES;
				GCC_WARN_ABOUT_RETURN_TYPE = YES_ERROR;
				GCC_WARN_UNDECLARED_SELECTOR = YES;
				GCC_WARN_UNINITIALIZED_AUTOS = YES_AGGRESSIVE;
				GCC_WARN_UNUSED_FUNCTION = YES;
				GCC_WARN_UNUSED_VARIABLE = YES;
				IPHONEOS_DEPLOYMENT_TARGET = 17.2;
				LOCALIZATION_PREFERS_STRING_CATALOGS = YES;
				MTL_ENABLE_DEBUG_INFO = NO;
				MTL_FAST_MATH = YES;
				SDKROOT = iphoneos;
				SWIFT_COMPILATION_MODE = wholemodule;
				VALIDATE_PRODUCT = YES;
			};
			name = Release;
		};
		B80B289D2B6CE0A1007FA710 /* Debug */ = {
			isa = XCBuildConfiguration;
			buildSettings = {
				ASSETCATALOG_COMPILER_APPICON_NAME = AppIcon;
				ASSETCATALOG_COMPILER_GLOBAL_ACCENT_COLOR_NAME = AccentColor;
				CODE_SIGN_STYLE = Automatic;
				CURRENT_PROJECT_VERSION = 1;
				DEVELOPMENT_ASSET_PATHS = "\"TestTaskFor1221Systems/Preview Content\"";
				DEVELOPMENT_TEAM = WQK7ZBM6A2;
				ENABLE_PREVIEWS = YES;
				GENERATE_INFOPLIST_FILE = YES;
				INFOPLIST_KEY_UIApplicationSceneManifest_Generation = YES;
				INFOPLIST_KEY_UIApplicationSupportsIndirectInputEvents = YES;
				INFOPLIST_KEY_UILaunchScreen_Generation = YES;
				INFOPLIST_KEY_UISupportedInterfaceOrientations_iPad = "UIInterfaceOrientationPortrait UIInterfaceOrientationPortraitUpsideDown UIInterfaceOrientationLandscapeLeft UIInterfaceOrientationLandscapeRight";
				INFOPLIST_KEY_UISupportedInterfaceOrientations_iPhone = "UIInterfaceOrientationPortrait UIInterfaceOrientationLandscapeLeft UIInterfaceOrientationLandscapeRight";
				IPHONEOS_DEPLOYMENT_TARGET = 14.0;
				LD_RUNPATH_SEARCH_PATHS = (
					"$(inherited)",
					"@executable_path/Frameworks",
				);
				MARKETING_VERSION = 1.0;
				PRODUCT_BUNDLE_IDENTIFIER = desiatow.TestTaskFor1221Systems;
				PRODUCT_NAME = "$(TARGET_NAME)";
				SUPPORTED_PLATFORMS = "iphoneos iphonesimulator";
				SUPPORTS_MACCATALYST = NO;
				SUPPORTS_MAC_DESIGNED_FOR_IPHONE_IPAD = NO;
				SUPPORTS_XR_DESIGNED_FOR_IPHONE_IPAD = NO;
				SWIFT_EMIT_LOC_STRINGS = YES;
				SWIFT_VERSION = 5.0;
				TARGETED_DEVICE_FAMILY = 1;
			};
			name = Debug;
		};
		B80B289E2B6CE0A1007FA710 /* Release */ = {
			isa = XCBuildConfiguration;
			buildSettings = {
				ASSETCATALOG_COMPILER_APPICON_NAME = AppIcon;
				ASSETCATALOG_COMPILER_GLOBAL_ACCENT_COLOR_NAME = AccentColor;
				CODE_SIGN_STYLE = Automatic;
				CURRENT_PROJECT_VERSION = 1;
				DEVELOPMENT_ASSET_PATHS = "\"TestTaskFor1221Systems/Preview Content\"";
				DEVELOPMENT_TEAM = WQK7ZBM6A2;
				ENABLE_PREVIEWS = YES;
				GENERATE_INFOPLIST_FILE = YES;
				INFOPLIST_KEY_UIApplicationSceneManifest_Generation = YES;
				INFOPLIST_KEY_UIApplicationSupportsIndirectInputEvents = YES;
				INFOPLIST_KEY_UILaunchScreen_Generation = YES;
				INFOPLIST_KEY_UISupportedInterfaceOrientations_iPad = "UIInterfaceOrientationPortrait UIInterfaceOrientationPortraitUpsideDown UIInterfaceOrientationLandscapeLeft UIInterfaceOrientationLandscapeRight";
				INFOPLIST_KEY_UISupportedInterfaceOrientations_iPhone = "UIInterfaceOrientationPortrait UIInterfaceOrientationLandscapeLeft UIInterfaceOrientationLandscapeRight";
				IPHONEOS_DEPLOYMENT_TARGET = 14.0;
				LD_RUNPATH_SEARCH_PATHS = (
					"$(inherited)",
					"@executable_path/Frameworks",
				);
				MARKETING_VERSION = 1.0;
				PRODUCT_BUNDLE_IDENTIFIER = desiatow.TestTaskFor1221Systems;
				PRODUCT_NAME = "$(TARGET_NAME)";
				SUPPORTED_PLATFORMS = "iphoneos iphonesimulator";
				SUPPORTS_MACCATALYST = NO;
				SUPPORTS_MAC_DESIGNED_FOR_IPHONE_IPAD = NO;
				SUPPORTS_XR_DESIGNED_FOR_IPHONE_IPAD = NO;
				SWIFT_EMIT_LOC_STRINGS = YES;
				SWIFT_VERSION = 5.0;
				TARGETED_DEVICE_FAMILY = 1;
			};
			name = Release;
		};
/* End XCBuildConfiguration section */

/* Begin XCConfigurationList section */
		B80B28892B6CE0A0007FA710 /* Build configuration list for PBXProject "TestTaskFor1221Systems" */ = {
			isa = XCConfigurationList;
			buildConfigurations = (
				B80B289A2B6CE0A1007FA710 /* Debug */,
				B80B289B2B6CE0A1007FA710 /* Release */,
			);
			defaultConfigurationIsVisible = 0;
			defaultConfigurationName = Release;
		};
		B80B289C2B6CE0A1007FA710 /* Build configuration list for PBXNativeTarget "TestTaskFor1221Systems" */ = {
			isa = XCConfigurationList;
			buildConfigurations = (
				B80B289D2B6CE0A1007FA710 /* Debug */,
				B80B289E2B6CE0A1007FA710 /* Release */,
			);
			defaultConfigurationIsVisible = 0;
			defaultConfigurationName = Release;
		};
/* End XCConfigurationList section */
	};
	rootObject = B80B28862B6CE0A0007FA710 /* Project object */;
}
